
Microsoft Visual Studio Solution File, Format Version 12.00
# Visual Studio Version 16
VisualStudioVersion = 16.0.30413.136
MinimumVisualStudioVersion = 10.0.40219.1
Project("{FAE04EC0-301F-11D3-BF4B-00C04F79EFBC}") = "18 Validation", "18 Validation\18 Validation.csproj", "{EB8086DA-D2D6-4A09-89FC-C24D9160945F}"
EndProject
Global
	GlobalSection(SolutionConfigurationPlatforms) = preSolution
		Debug|Any CPU = Debug|Any CPU
		Release|Any CPU = Release|Any CPU
	EndGlobalSection
	GlobalSection(ProjectConfigurationPlatforms) = postSolution
		{EB8086DA-D2D6-4A09-89FC-C24D9160945F}.Debug|Any CPU.ActiveCfg = Debug|Any CPU
		{EB8086DA-D2D6-4A09-89FC-C24D9160945F}.Debug|Any CPU.Build.0 = Debug|Any CPU
		{EB8086DA-D2D6-4A09-89FC-C24D9160945F}.Release|Any CPU.ActiveCfg = Release|Any CPU
		{EB8086DA-D2D6-4A09-89FC-C24D9160945F}.Release|Any CPU.Build.0 = Release|Any CPU
	EndGlobalSection
	GlobalSection(SolutionProperties) = preSolution
		HideSolutionNode = FALSE
	EndGlobalSection
	GlobalSection(ExtensibilityGlobals) = postSolution
		SolutionGuid = {518C5543-0FCD-4B00-88A6-FBFF594DA09C}
	EndGlobalSection
EndGlobal
