
Microsoft Visual Studio Solution File, Format Version 12.00
# Visual Studio Version 16
VisualStudioVersion = 16.0.29519.181
MinimumVisualStudioVersion = 10.0.40219.1
Project("{9A19103F-16F7-4668-BE54-9A1E7A4F7556}") = "00-Bootstrap", "00-Bootstrap\00-Bootstrap.csproj", "{5BA90247-F213-447C-BF38-13B82D4240F2}"
EndProject
Global
	GlobalSection(SolutionConfigurationPlatforms) = preSolution
		Debug|Any CPU = Debug|Any CPU
		Release|Any CPU = Release|Any CPU
	EndGlobalSection
	GlobalSection(ProjectConfigurationPlatforms) = postSolution
		{5BA90247-F213-447C-BF38-13B82D4240F2}.Debug|Any CPU.ActiveCfg = Debug|Any CPU
		{5BA90247-F213-447C-BF38-13B82D4240F2}.Debug|Any CPU.Build.0 = Debug|Any CPU
		{5BA90247-F213-447C-BF38-13B82D4240F2}.Release|Any CPU.ActiveCfg = Release|Any CPU
		{5BA90247-F213-447C-BF38-13B82D4240F2}.Release|Any CPU.Build.0 = Release|Any CPU
	EndGlobalSection
	GlobalSection(SolutionProperties) = preSolution
		HideSolutionNode = FALSE
	EndGlobalSection
	GlobalSection(ExtensibilityGlobals) = postSolution
		SolutionGuid = {A4762C1C-8831-4597-A16B-891AB5DA0B03}
	EndGlobalSection
EndGlobal
