
Microsoft Visual Studio Solution File, Format Version 12.00
# Visual Studio Version 16
VisualStudioVersion = 16.0.29709.97
MinimumVisualStudioVersion = 10.0.40219.1
Project("{9A19103F-16F7-4668-BE54-9A1E7A4F7556}") = "Aeolus.Overzichten.Blazor", "HenE_Grid\Aeolus.Overzichten.Blazor.csproj", "{95E979DB-F88A-4B4A-8F0A-BA8CE2369DCD}"
EndProject
Project("{9A19103F-16F7-4668-BE54-9A1E7A4F7556}") = "Aeolus.Blazor.Common", "Aeolus.Blazor.Common\Aeolus.Blazor.Common.csproj", "{3650F417-7E57-4E14-A185-9DDED1842372}"
EndProject
Global
	GlobalSection(SolutionConfigurationPlatforms) = preSolution
		Debug|Any CPU = Debug|Any CPU
		Release|Any CPU = Release|Any CPU
	EndGlobalSection
	GlobalSection(ProjectConfigurationPlatforms) = postSolution
		{95E979DB-F88A-4B4A-8F0A-BA8CE2369DCD}.Debug|Any CPU.ActiveCfg = Debug|Any CPU
		{95E979DB-F88A-4B4A-8F0A-BA8CE2369DCD}.Debug|Any CPU.Build.0 = Debug|Any CPU
		{95E979DB-F88A-4B4A-8F0A-BA8CE2369DCD}.Release|Any CPU.ActiveCfg = Release|Any CPU
		{95E979DB-F88A-4B4A-8F0A-BA8CE2369DCD}.Release|Any CPU.Build.0 = Release|Any CPU
		{3650F417-7E57-4E14-A185-9DDED1842372}.Debug|Any CPU.ActiveCfg = Debug|Any CPU
		{3650F417-7E57-4E14-A185-9DDED1842372}.Debug|Any CPU.Build.0 = Debug|Any CPU
		{3650F417-7E57-4E14-A185-9DDED1842372}.Release|Any CPU.ActiveCfg = Release|Any CPU
		{3650F417-7E57-4E14-A185-9DDED1842372}.Release|Any CPU.Build.0 = Release|Any CPU
	EndGlobalSection
	GlobalSection(SolutionProperties) = preSolution
		HideSolutionNode = FALSE
	EndGlobalSection
	GlobalSection(ExtensibilityGlobals) = postSolution
		SolutionGuid = {58239AF7-A355-4C11-A65C-5458B0F3151D}
	EndGlobalSection
EndGlobal
