
Microsoft Visual Studio Solution File, Format Version 12.00
# Visual Studio Version 16
VisualStudioVersion = 16.0.30011.22
MinimumVisualStudioVersion = 10.0.40219.1
Project("{FAE04EC0-301F-11D3-BF4B-00C04F79EFBC}") = "Page-Component-Views", "Page-Component-Views\Page-Component-Views.csproj", "{F998974F-4BF0-4CFB-B953-E7015F450E21}"
EndProject
Global
	GlobalSection(SolutionConfigurationPlatforms) = preSolution
		Debug|Any CPU = Debug|Any CPU
		Release|Any CPU = Release|Any CPU
	EndGlobalSection
	GlobalSection(ProjectConfigurationPlatforms) = postSolution
		{F998974F-4BF0-4CFB-B953-E7015F450E21}.Debug|Any CPU.ActiveCfg = Debug|Any CPU
		{F998974F-4BF0-4CFB-B953-E7015F450E21}.Debug|Any CPU.Build.0 = Debug|Any CPU
		{F998974F-4BF0-4CFB-B953-E7015F450E21}.Release|Any CPU.ActiveCfg = Release|Any CPU
		{F998974F-4BF0-4CFB-B953-E7015F450E21}.Release|Any CPU.Build.0 = Release|Any CPU
	EndGlobalSection
	GlobalSection(SolutionProperties) = preSolution
		HideSolutionNode = FALSE
	EndGlobalSection
	GlobalSection(ExtensibilityGlobals) = postSolution
		SolutionGuid = {2170B588-0E29-40D8-86CF-7604381847C3}
	EndGlobalSection
EndGlobal
