
Microsoft Visual Studio Solution File, Format Version 12.00
# Visual Studio Version 16
VisualStudioVersion = 16.0.29230.61
MinimumVisualStudioVersion = 10.0.40219.1
Project("{FAE04EC0-301F-11D3-BF4B-00C04F79EFBC}") = "CustomComponent", "CustomComponent\CustomComponent.csproj", "{7471AF8D-588C-43E7-A5B7-891C9734FDB7}"
EndProject
Global
	GlobalSection(SolutionConfigurationPlatforms) = preSolution
		Debug|Any CPU = Debug|Any CPU
		Release|Any CPU = Release|Any CPU
	EndGlobalSection
	GlobalSection(ProjectConfigurationPlatforms) = postSolution
		{7471AF8D-588C-43E7-A5B7-891C9734FDB7}.Debug|Any CPU.ActiveCfg = Debug|Any CPU
		{7471AF8D-588C-43E7-A5B7-891C9734FDB7}.Debug|Any CPU.Build.0 = Debug|Any CPU
		{7471AF8D-588C-43E7-A5B7-891C9734FDB7}.Release|Any CPU.ActiveCfg = Release|Any CPU
		{7471AF8D-588C-43E7-A5B7-891C9734FDB7}.Release|Any CPU.Build.0 = Release|Any CPU
	EndGlobalSection
	GlobalSection(SolutionProperties) = preSolution
		HideSolutionNode = FALSE
	EndGlobalSection
	GlobalSection(ExtensibilityGlobals) = postSolution
		SolutionGuid = {183F3F81-9BB6-4665-9EC3-C468DB07DADD}
	EndGlobalSection
EndGlobal
