
Microsoft Visual Studio Solution File, Format Version 12.00
# Visual Studio Version 16
VisualStudioVersion = 16.0.30413.136
MinimumVisualStudioVersion = 10.0.40219.1
Project("{FAE04EC0-301F-11D3-BF4B-00C04F79EFBC}") = "OefenenConfiguration", "OefenenConfiguration\OefenenConfiguration.csproj", "{AF01EFE4-927C-434E-875A-261189C96CDF}"
EndProject
Global
	GlobalSection(SolutionConfigurationPlatforms) = preSolution
		Debug|Any CPU = Debug|Any CPU
		Release|Any CPU = Release|Any CPU
	EndGlobalSection
	GlobalSection(ProjectConfigurationPlatforms) = postSolution
		{AF01EFE4-927C-434E-875A-261189C96CDF}.Debug|Any CPU.ActiveCfg = Debug|Any CPU
		{AF01EFE4-927C-434E-875A-261189C96CDF}.Debug|Any CPU.Build.0 = Debug|Any CPU
		{AF01EFE4-927C-434E-875A-261189C96CDF}.Release|Any CPU.ActiveCfg = Release|Any CPU
		{AF01EFE4-927C-434E-875A-261189C96CDF}.Release|Any CPU.Build.0 = Release|Any CPU
	EndGlobalSection
	GlobalSection(SolutionProperties) = preSolution
		HideSolutionNode = FALSE
	EndGlobalSection
	GlobalSection(ExtensibilityGlobals) = postSolution
		SolutionGuid = {C9A4BCF5-17DE-452F-83B0-7383909316B2}
	EndGlobalSection
EndGlobal
