
Microsoft Visual Studio Solution File, Format Version 12.00
# Visual Studio Version 16
VisualStudioVersion = 16.0.30517.126
MinimumVisualStudioVersion = 10.0.40219.1
Project("{9A19103F-16F7-4668-BE54-9A1E7A4F7556}") = "Class diagram met blazor", "Class diagram met blazor\Class diagram met blazor.csproj", "{F580A680-5B41-4E17-9586-5F1553C96D90}"
EndProject
Global
	GlobalSection(SolutionConfigurationPlatforms) = preSolution
		Debug|Any CPU = Debug|Any CPU
		Release|Any CPU = Release|Any CPU
	EndGlobalSection
	GlobalSection(ProjectConfigurationPlatforms) = postSolution
		{F580A680-5B41-4E17-9586-5F1553C96D90}.Debug|Any CPU.ActiveCfg = Debug|Any CPU
		{F580A680-5B41-4E17-9586-5F1553C96D90}.Debug|Any CPU.Build.0 = Debug|Any CPU
		{F580A680-5B41-4E17-9586-5F1553C96D90}.Release|Any CPU.ActiveCfg = Release|Any CPU
		{F580A680-5B41-4E17-9586-5F1553C96D90}.Release|Any CPU.Build.0 = Release|Any CPU
	EndGlobalSection
	GlobalSection(SolutionProperties) = preSolution
		HideSolutionNode = FALSE
	EndGlobalSection
	GlobalSection(ExtensibilityGlobals) = postSolution
		SolutionGuid = {24C9262F-87E7-4CC9-BE33-CCE7E9AAC8E2}
	EndGlobalSection
EndGlobal
