
Microsoft Visual Studio Solution File, Format Version 12.00
# Visual Studio Version 16
VisualStudioVersion = 16.0.30517.126
MinimumVisualStudioVersion = 10.0.40219.1
Project("{FAE04EC0-301F-11D3-BF4B-00C04F79EFBC}") = "26 XML Serializer Deserialize Enum Andere Value", "26 XML Serializer Deserialize Enum Andere Value\26 XML Serializer Deserialize Enum Andere Value.csproj", "{94AD721B-2A33-4350-9515-4FD155E5730C}"
EndProject
Global
	GlobalSection(SolutionConfigurationPlatforms) = preSolution
		Debug|Any CPU = Debug|Any CPU
		Release|Any CPU = Release|Any CPU
	EndGlobalSection
	GlobalSection(ProjectConfigurationPlatforms) = postSolution
		{94AD721B-2A33-4350-9515-4FD155E5730C}.Debug|Any CPU.ActiveCfg = Debug|Any CPU
		{94AD721B-2A33-4350-9515-4FD155E5730C}.Debug|Any CPU.Build.0 = Debug|Any CPU
		{94AD721B-2A33-4350-9515-4FD155E5730C}.Release|Any CPU.ActiveCfg = Release|Any CPU
		{94AD721B-2A33-4350-9515-4FD155E5730C}.Release|Any CPU.Build.0 = Release|Any CPU
	EndGlobalSection
	GlobalSection(SolutionProperties) = preSolution
		HideSolutionNode = FALSE
	EndGlobalSection
	GlobalSection(ExtensibilityGlobals) = postSolution
		SolutionGuid = {06A6E552-CDF5-490B-B3E3-637946BC70BC}
	EndGlobalSection
EndGlobal
