
Microsoft Visual Studio Solution File, Format Version 12.00
# Visual Studio Version 16
VisualStudioVersion = 16.0.30128.74
MinimumVisualStudioVersion = 10.0.40219.1
Project("{FAE04EC0-301F-11D3-BF4B-00C04F79EFBC}") = "ServerSideApplication", "ServerSideApplication\ServerSideApplication.csproj", "{3FD1D56D-06E1-4F67-A94C-DE8D5AD60B50}"
EndProject
Global
	GlobalSection(SolutionConfigurationPlatforms) = preSolution
		Debug|Any CPU = Debug|Any CPU
		Release|Any CPU = Release|Any CPU
	EndGlobalSection
	GlobalSection(ProjectConfigurationPlatforms) = postSolution
		{3FD1D56D-06E1-4F67-A94C-DE8D5AD60B50}.Debug|Any CPU.ActiveCfg = Debug|Any CPU
		{3FD1D56D-06E1-4F67-A94C-DE8D5AD60B50}.Debug|Any CPU.Build.0 = Debug|Any CPU
		{3FD1D56D-06E1-4F67-A94C-DE8D5AD60B50}.Release|Any CPU.ActiveCfg = Release|Any CPU
		{3FD1D56D-06E1-4F67-A94C-DE8D5AD60B50}.Release|Any CPU.Build.0 = Release|Any CPU
	EndGlobalSection
	GlobalSection(SolutionProperties) = preSolution
		HideSolutionNode = FALSE
	EndGlobalSection
	GlobalSection(ExtensibilityGlobals) = postSolution
		SolutionGuid = {B31C9E47-6FD2-4CB0-ACE4-9ED8EBE16C88}
	EndGlobalSection
EndGlobal
