
Microsoft Visual Studio Solution File, Format Version 12.00
# Visual Studio Version 17
VisualStudioVersion = 17.0.32014.148
MinimumVisualStudioVersion = 10.0.40219.1
Project("{FAE04EC0-301F-11D3-BF4B-00C04F79EFBC}") = "37 UploadFile", "37 UploadFile\37 UploadFile.csproj", "{939A1873-9CA7-44A3-A853-34DBB38D6D1A}"
EndProject
Project("{9A19103F-16F7-4668-BE54-9A1E7A4F7556}") = "Aeolus.Shared.Ui.Blazor", "Aeolus.Shared.Ui.Blazor\src\Aeolus.Shared.Ui.Blazor\Aeolus.Shared.Ui.Blazor.csproj", "{183DE1DE-150D-4A63-8111-E94BCF40CDC2}"
EndProject
Global
	GlobalSection(SolutionConfigurationPlatforms) = preSolution
		Debug|Any CPU = Debug|Any CPU
		Release|Any CPU = Release|Any CPU
	EndGlobalSection
	GlobalSection(ProjectConfigurationPlatforms) = postSolution
		{939A1873-9CA7-44A3-A853-34DBB38D6D1A}.Debug|Any CPU.ActiveCfg = Debug|Any CPU
		{939A1873-9CA7-44A3-A853-34DBB38D6D1A}.Debug|Any CPU.Build.0 = Debug|Any CPU
		{939A1873-9CA7-44A3-A853-34DBB38D6D1A}.Release|Any CPU.ActiveCfg = Release|Any CPU
		{939A1873-9CA7-44A3-A853-34DBB38D6D1A}.Release|Any CPU.Build.0 = Release|Any CPU
		{183DE1DE-150D-4A63-8111-E94BCF40CDC2}.Debug|Any CPU.ActiveCfg = Debug|Any CPU
		{183DE1DE-150D-4A63-8111-E94BCF40CDC2}.Debug|Any CPU.Build.0 = Debug|Any CPU
		{183DE1DE-150D-4A63-8111-E94BCF40CDC2}.Release|Any CPU.ActiveCfg = Release|Any CPU
		{183DE1DE-150D-4A63-8111-E94BCF40CDC2}.Release|Any CPU.Build.0 = Release|Any CPU
	EndGlobalSection
	GlobalSection(SolutionProperties) = preSolution
		HideSolutionNode = FALSE
	EndGlobalSection
	GlobalSection(ExtensibilityGlobals) = postSolution
		SolutionGuid = {D4230E69-6A5C-4150-B837-D9F03D73E61B}
	EndGlobalSection
EndGlobal
