
Microsoft Visual Studio Solution File, Format Version 12.00
# Visual Studio Version 16
VisualStudioVersion = 16.0.29519.181
MinimumVisualStudioVersion = 10.0.40219.1
Project("{9A19103F-16F7-4668-BE54-9A1E7A4F7556}") = "01 Ej2.blazor_syncfusion", "01 Ej2.blazor_syncfusion\01 Ej2.blazor_syncfusion.csproj", "{B86E2F0B-DB02-4DE6-B72D-7AB9D7790B99}"
EndProject
Global
	GlobalSection(SolutionConfigurationPlatforms) = preSolution
		Debug|Any CPU = Debug|Any CPU
		Release|Any CPU = Release|Any CPU
	EndGlobalSection
	GlobalSection(ProjectConfigurationPlatforms) = postSolution
		{B86E2F0B-DB02-4DE6-B72D-7AB9D7790B99}.Debug|Any CPU.ActiveCfg = Debug|Any CPU
		{B86E2F0B-DB02-4DE6-B72D-7AB9D7790B99}.Debug|Any CPU.Build.0 = Debug|Any CPU
		{B86E2F0B-DB02-4DE6-B72D-7AB9D7790B99}.Release|Any CPU.ActiveCfg = Release|Any CPU
		{B86E2F0B-DB02-4DE6-B72D-7AB9D7790B99}.Release|Any CPU.Build.0 = Release|Any CPU
	EndGlobalSection
	GlobalSection(SolutionProperties) = preSolution
		HideSolutionNode = FALSE
	EndGlobalSection
	GlobalSection(ExtensibilityGlobals) = postSolution
		SolutionGuid = {BE99A069-BB38-40C7-9D07-3594584FCF66}
	EndGlobalSection
EndGlobal
