
Microsoft Visual Studio Solution File, Format Version 12.00
# Visual Studio Version 17
VisualStudioVersion = 17.1.32210.238
MinimumVisualStudioVersion = 10.0.40219.1
Project("{FAE04EC0-301F-11D3-BF4B-00C04F79EFBC}") = "Serilog and Seq ILogger", "Serilog and Seq ILogger\Serilog and Seq ILogger.csproj", "{92790BAD-A49A-441D-8F59-90B7535EB564}"
EndProject
Project("{FAE04EC0-301F-11D3-BF4B-00C04F79EFBC}") = "HelloWorldService", "HelloWorldService\HelloWorldService.csproj", "{1A515197-C59A-4A09-BD1E-EB1140282541}"
EndProject
Global
	GlobalSection(SolutionConfigurationPlatforms) = preSolution
		Debug|Any CPU = Debug|Any CPU
		Release|Any CPU = Release|Any CPU
	EndGlobalSection
	GlobalSection(ProjectConfigurationPlatforms) = postSolution
		{92790BAD-A49A-441D-8F59-90B7535EB564}.Debug|Any CPU.ActiveCfg = Debug|Any CPU
		{92790BAD-A49A-441D-8F59-90B7535EB564}.Debug|Any CPU.Build.0 = Debug|Any CPU
		{92790BAD-A49A-441D-8F59-90B7535EB564}.Release|Any CPU.ActiveCfg = Release|Any CPU
		{92790BAD-A49A-441D-8F59-90B7535EB564}.Release|Any CPU.Build.0 = Release|Any CPU
		{1A515197-C59A-4A09-BD1E-EB1140282541}.Debug|Any CPU.ActiveCfg = Debug|Any CPU
		{1A515197-C59A-4A09-BD1E-EB1140282541}.Debug|Any CPU.Build.0 = Debug|Any CPU
		{1A515197-C59A-4A09-BD1E-EB1140282541}.Release|Any CPU.ActiveCfg = Release|Any CPU
		{1A515197-C59A-4A09-BD1E-EB1140282541}.Release|Any CPU.Build.0 = Release|Any CPU
	EndGlobalSection
	GlobalSection(SolutionProperties) = preSolution
		HideSolutionNode = FALSE
	EndGlobalSection
	GlobalSection(ExtensibilityGlobals) = postSolution
		SolutionGuid = {A0950809-6143-473B-83B3-E59B0CA5B856}
	EndGlobalSection
EndGlobal
