
Microsoft Visual Studio Solution File, Format Version 12.00
# Visual Studio Version 16
VisualStudioVersion = 16.0.30104.148
MinimumVisualStudioVersion = 10.0.40219.1
Project("{9A19103F-16F7-4668-BE54-9A1E7A4F7556}") = "Aeolus.Identity.Manager", "Aeolus.Identity.Manager\Aeolus.Identity.Manager.csproj", "{F6768B16-D84A-4C58-ABB5-566511D74900}"
EndProject
Project("{9A19103F-16F7-4668-BE54-9A1E7A4F7556}") = "Aeolus.Shared.Ui.Blazor", "..\..\..\Aeolus\Aeolus.Shared.Ui.Blazor\src\Aeolus.Shared.Ui.Blazor\Aeolus.Shared.Ui.Blazor.csproj", "{EEE6A568-DD85-4CA8-A996-069734E3EC65}"
EndProject
Global
	GlobalSection(SolutionConfigurationPlatforms) = preSolution
		Debug|Any CPU = Debug|Any CPU
		Release|Any CPU = Release|Any CPU
	EndGlobalSection
	GlobalSection(ProjectConfigurationPlatforms) = postSolution
		{F6768B16-D84A-4C58-ABB5-566511D74900}.Debug|Any CPU.ActiveCfg = Debug|Any CPU
		{F6768B16-D84A-4C58-ABB5-566511D74900}.Debug|Any CPU.Build.0 = Debug|Any CPU
		{F6768B16-D84A-4C58-ABB5-566511D74900}.Release|Any CPU.ActiveCfg = Release|Any CPU
		{F6768B16-D84A-4C58-ABB5-566511D74900}.Release|Any CPU.Build.0 = Release|Any CPU
		{EEE6A568-DD85-4CA8-A996-069734E3EC65}.Debug|Any CPU.ActiveCfg = Debug|Any CPU
		{EEE6A568-DD85-4CA8-A996-069734E3EC65}.Debug|Any CPU.Build.0 = Debug|Any CPU
		{EEE6A568-DD85-4CA8-A996-069734E3EC65}.Release|Any CPU.ActiveCfg = Release|Any CPU
		{EEE6A568-DD85-4CA8-A996-069734E3EC65}.Release|Any CPU.Build.0 = Release|Any CPU
	EndGlobalSection
	GlobalSection(SolutionProperties) = preSolution
		HideSolutionNode = FALSE
	EndGlobalSection
	GlobalSection(ExtensibilityGlobals) = postSolution
		SolutionGuid = {42670534-F9E5-4457-94FD-BBD9A6FF083E}
	EndGlobalSection
EndGlobal
