
Microsoft Visual Studio Solution File, Format Version 12.00
# Visual Studio Version 16
VisualStudioVersion = 16.0.31112.23
MinimumVisualStudioVersion = 10.0.40219.1
Project("{FAE04EC0-301F-11D3-BF4B-00C04F79EFBC}") = "04 Permission", "04 Permission\04 Permission.csproj", "{F1035411-1A5B-4E99-B625-A4E47EBBA2B4}"
EndProject
Project("{9A19103F-16F7-4668-BE54-9A1E7A4F7556}") = "Aeolus.Shared.Permissions", "..\..\Aeolus\Aeolus.Shared.Permissions\src\Aeolus.Shared.Permissions\Aeolus.Shared.Permissions.csproj", "{B8CD1B99-BF73-4128-BC2D-9FCD0EB490C6}"
EndProject
Global
	GlobalSection(SolutionConfigurationPlatforms) = preSolution
		Debug|Any CPU = Debug|Any CPU
		Release|Any CPU = Release|Any CPU
	EndGlobalSection
	GlobalSection(ProjectConfigurationPlatforms) = postSolution
		{F1035411-1A5B-4E99-B625-A4E47EBBA2B4}.Debug|Any CPU.ActiveCfg = Debug|Any CPU
		{F1035411-1A5B-4E99-B625-A4E47EBBA2B4}.Debug|Any CPU.Build.0 = Debug|Any CPU
		{F1035411-1A5B-4E99-B625-A4E47EBBA2B4}.Release|Any CPU.ActiveCfg = Release|Any CPU
		{F1035411-1A5B-4E99-B625-A4E47EBBA2B4}.Release|Any CPU.Build.0 = Release|Any CPU
		{B8CD1B99-BF73-4128-BC2D-9FCD0EB490C6}.Debug|Any CPU.ActiveCfg = Debug|Any CPU
		{B8CD1B99-BF73-4128-BC2D-9FCD0EB490C6}.Debug|Any CPU.Build.0 = Debug|Any CPU
		{B8CD1B99-BF73-4128-BC2D-9FCD0EB490C6}.Release|Any CPU.ActiveCfg = Release|Any CPU
		{B8CD1B99-BF73-4128-BC2D-9FCD0EB490C6}.Release|Any CPU.Build.0 = Release|Any CPU
	EndGlobalSection
	GlobalSection(SolutionProperties) = preSolution
		HideSolutionNode = FALSE
	EndGlobalSection
	GlobalSection(ExtensibilityGlobals) = postSolution
		SolutionGuid = {C12829E1-9FD5-413B-BB56-D0980CDD50CF}
	EndGlobalSection
EndGlobal
