
Microsoft Visual Studio Solution File, Format Version 12.00
# Visual Studio Version 16
VisualStudioVersion = 16.0.29519.87
MinimumVisualStudioVersion = 10.0.40219.1
Project("{FAE04EC0-301F-11D3-BF4B-00C04F79EFBC}") = "00-GetStart", "00-GetStart\00-GetStart.csproj", "{3A451C23-CAD1-4068-91BD-6B38FB5B784D}"
EndProject
Global
	GlobalSection(SolutionConfigurationPlatforms) = preSolution
		Debug|Any CPU = Debug|Any CPU
		Release|Any CPU = Release|Any CPU
	EndGlobalSection
	GlobalSection(ProjectConfigurationPlatforms) = postSolution
		{3A451C23-CAD1-4068-91BD-6B38FB5B784D}.Debug|Any CPU.ActiveCfg = Debug|Any CPU
		{3A451C23-CAD1-4068-91BD-6B38FB5B784D}.Debug|Any CPU.Build.0 = Debug|Any CPU
		{3A451C23-CAD1-4068-91BD-6B38FB5B784D}.Release|Any CPU.ActiveCfg = Release|Any CPU
		{3A451C23-CAD1-4068-91BD-6B38FB5B784D}.Release|Any CPU.Build.0 = Release|Any CPU
	EndGlobalSection
	GlobalSection(SolutionProperties) = preSolution
		HideSolutionNode = FALSE
	EndGlobalSection
	GlobalSection(ExtensibilityGlobals) = postSolution
		SolutionGuid = {875D2602-068B-4EB1-97B4-FAC824AC5126}
	EndGlobalSection
EndGlobal
