
Microsoft Visual Studio Solution File, Format Version 12.00
# Visual Studio Version 16
VisualStudioVersion = 16.0.30128.74
MinimumVisualStudioVersion = 10.0.40219.1
Project("{9A19103F-16F7-4668-BE54-9A1E7A4F7556}") = "Import", "Import\Import.csproj", "{0A517860-5E8D-407C-AAEA-79686E15EC18}"
EndProject
Project("{9A19103F-16F7-4668-BE54-9A1E7A4F7556}") = "Aeolus.Blazor.Common", "Aeolus.Blazor.Common\Aeolus.Blazor.Common.csproj", "{A9BCD88B-8236-4C42-8A5E-917CCC111885}"
EndProject
Global
	GlobalSection(SolutionConfigurationPlatforms) = preSolution
		Debug|Any CPU = Debug|Any CPU
		Release|Any CPU = Release|Any CPU
	EndGlobalSection
	GlobalSection(ProjectConfigurationPlatforms) = postSolution
		{0A517860-5E8D-407C-AAEA-79686E15EC18}.Debug|Any CPU.ActiveCfg = Debug|Any CPU
		{0A517860-5E8D-407C-AAEA-79686E15EC18}.Debug|Any CPU.Build.0 = Debug|Any CPU
		{0A517860-5E8D-407C-AAEA-79686E15EC18}.Release|Any CPU.ActiveCfg = Release|Any CPU
		{0A517860-5E8D-407C-AAEA-79686E15EC18}.Release|Any CPU.Build.0 = Release|Any CPU
		{A9BCD88B-8236-4C42-8A5E-917CCC111885}.Debug|Any CPU.ActiveCfg = Debug|Any CPU
		{A9BCD88B-8236-4C42-8A5E-917CCC111885}.Debug|Any CPU.Build.0 = Debug|Any CPU
		{A9BCD88B-8236-4C42-8A5E-917CCC111885}.Release|Any CPU.ActiveCfg = Release|Any CPU
		{A9BCD88B-8236-4C42-8A5E-917CCC111885}.Release|Any CPU.Build.0 = Release|Any CPU
	EndGlobalSection
	GlobalSection(SolutionProperties) = preSolution
		HideSolutionNode = FALSE
	EndGlobalSection
	GlobalSection(ExtensibilityGlobals) = postSolution
		SolutionGuid = {85D71295-78CD-4255-908E-9A2ED3E5D508}
	EndGlobalSection
EndGlobal
